
Microsoft Visual Studio Solution File, Format Version 12.00
# Visual Studio Version 16
VisualStudioVersion = 16.0.29123.88
MinimumVisualStudioVersion = 10.0.40219.1
Project("{FAE04EC0-301F-11D3-BF4B-00C04F79EFBC}") = "ShowPasswordXamarin.UWP", "ShowPasswordXamarin\ShowPasswordXamarin.UWP\ShowPasswordXamarin.UWP.csproj", "{B593233E-C5EC-46E0-A6FC-95D5107BCCA9}"
EndProject
Project("{FAE04EC0-301F-11D3-BF4B-00C04F79EFBC}") = "ShowPasswordXamarin.Android", "ShowPasswordXamarin\ShowPasswordXamarin.Android\ShowPasswordXamarin.Android.csproj", "{E1653A9D-DCD7-4E37-AC83-EBC732231466}"
EndProject
Project("{FAE04EC0-301F-11D3-BF4B-00C04F79EFBC}") = "ShowPasswordXamarin.iOS", "ShowPasswordXamarin\ShowPasswordXamarin.iOS\ShowPasswordXamarin.iOS.csproj", "{5F389E35-8DCE-4291-8793-DB70E19524CC}"
EndProject
Project("{FAE04EC0-301F-11D3-BF4B-00C04F79EFBC}") = "ShowPasswordXamarin", "ShowPasswordXamarin\ShowPasswordXamarin\ShowPasswordXamarin.csproj", "{BF8E4ADC-0179-49DE-BB50-F71BF725D162}"
EndProject
Global
	GlobalSection(SolutionConfigurationPlatforms) = preSolution
		Debug|Any CPU = Debug|Any CPU
		Debug|ARM = Debug|ARM
		Debug|iPhone = Debug|iPhone
		Debug|iPhoneSimulator = Debug|iPhoneSimulator
		Debug|x64 = Debug|x64
		Debug|x86 = Debug|x86
		Release|Any CPU = Release|Any CPU
		Release|ARM = Release|ARM
		Release|iPhone = Release|iPhone
		Release|iPhoneSimulator = Release|iPhoneSimulator
		Release|x64 = Release|x64
		Release|x86 = Release|x86
	EndGlobalSection
	GlobalSection(ProjectConfigurationPlatforms) = postSolution
		{B593233E-C5EC-46E0-A6FC-95D5107BCCA9}.Debug|Any CPU.ActiveCfg = Debug|x86
		{B593233E-C5EC-46E0-A6FC-95D5107BCCA9}.Debug|Any CPU.Build.0 = Debug|x86
		{B593233E-C5EC-46E0-A6FC-95D5107BCCA9}.Debug|Any CPU.Deploy.0 = Debug|x86
		{B593233E-C5EC-46E0-A6FC-95D5107BCCA9}.Debug|ARM.ActiveCfg = Debug|ARM
		{B593233E-C5EC-46E0-A6FC-95D5107BCCA9}.Debug|ARM.Build.0 = Debug|ARM
		{B593233E-C5EC-46E0-A6FC-95D5107BCCA9}.Debug|ARM.Deploy.0 = Debug|ARM
		{B593233E-C5EC-46E0-A6FC-95D5107BCCA9}.Debug|iPhone.ActiveCfg = Debug|x86
		{B593233E-C5EC-46E0-A6FC-95D5107BCCA9}.Debug|iPhone.Build.0 = Debug|x86
		{B593233E-C5EC-46E0-A6FC-95D5107BCCA9}.Debug|iPhone.Deploy.0 = Debug|x86
		{B593233E-C5EC-46E0-A6FC-95D5107BCCA9}.Debug|iPhoneSimulator.ActiveCfg = Debug|x86
		{B593233E-C5EC-46E0-A6FC-95D5107BCCA9}.Debug|iPhoneSimulator.Build.0 = Debug|x86
		{B593233E-C5EC-46E0-A6FC-95D5107BCCA9}.Debug|iPhoneSimulator.Deploy.0 = Debug|x86
		{B593233E-C5EC-46E0-A6FC-95D5107BCCA9}.Debug|x64.ActiveCfg = Debug|x64
		{B593233E-C5EC-46E0-A6FC-95D5107BCCA9}.Debug|x64.Build.0 = Debug|x64
		{B593233E-C5EC-46E0-A6FC-95D5107BCCA9}.Debug|x64.Deploy.0 = Debug|x64
		{B593233E-C5EC-46E0-A6FC-95D5107BCCA9}.Debug|x86.ActiveCfg = Debug|x86
		{B593233E-C5EC-46E0-A6FC-95D5107BCCA9}.Debug|x86.Build.0 = Debug|x86
		{B593233E-C5EC-46E0-A6FC-95D5107BCCA9}.Debug|x86.Deploy.0 = Debug|x86
		{B593233E-C5EC-46E0-A6FC-95D5107BCCA9}.Release|Any CPU.ActiveCfg = Release|x86
		{B593233E-C5EC-46E0-A6FC-95D5107BCCA9}.Release|Any CPU.Build.0 = Release|x86
		{B593233E-C5EC-46E0-A6FC-95D5107BCCA9}.Release|Any CPU.Deploy.0 = Release|x86
		{B593233E-C5EC-46E0-A6FC-95D5107BCCA9}.Release|ARM.ActiveCfg = Release|ARM
		{B593233E-C5EC-46E0-A6FC-95D5107BCCA9}.Release|ARM.Build.0 = Release|ARM
		{B593233E-C5EC-46E0-A6FC-95D5107BCCA9}.Release|ARM.Deploy.0 = Release|ARM
		{B593233E-C5EC-46E0-A6FC-95D5107BCCA9}.Release|iPhone.ActiveCfg = Release|x86
		{B593233E-C5EC-46E0-A6FC-95D5107BCCA9}.Release|iPhone.Build.0 = Release|x86
		{B593233E-C5EC-46E0-A6FC-95D5107BCCA9}.Release|iPhone.Deploy.0 = Release|x86
		{B593233E-C5EC-46E0-A6FC-95D5107BCCA9}.Release|iPhoneSimulator.ActiveCfg = Release|x86
		{B593233E-C5EC-46E0-A6FC-95D5107BCCA9}.Release|iPhoneSimulator.Build.0 = Release|x86
		{B593233E-C5EC-46E0-A6FC-95D5107BCCA9}.Release|iPhoneSimulator.Deploy.0 = Release|x86
		{B593233E-C5EC-46E0-A6FC-95D5107BCCA9}.Release|x64.ActiveCfg = Release|x64
		{B593233E-C5EC-46E0-A6FC-95D5107BCCA9}.Release|x64.Build.0 = Release|x64
		{B593233E-C5EC-46E0-A6FC-95D5107BCCA9}.Release|x64.Deploy.0 = Release|x64
		{B593233E-C5EC-46E0-A6FC-95D5107BCCA9}.Release|x86.ActiveCfg = Release|x86
		{B593233E-C5EC-46E0-A6FC-95D5107BCCA9}.Release|x86.Build.0 = Release|x86
		{B593233E-C5EC-46E0-A6FC-95D5107BCCA9}.Release|x86.Deploy.0 = Release|x86
		{E1653A9D-DCD7-4E37-AC83-EBC732231466}.Debug|Any CPU.ActiveCfg = Debug|Any CPU
		{E1653A9D-DCD7-4E37-AC83-EBC732231466}.Debug|Any CPU.Build.0 = Debug|Any CPU
		{E1653A9D-DCD7-4E37-AC83-EBC732231466}.Debug|Any CPU.Deploy.0 = Debug|Any CPU
		{E1653A9D-DCD7-4E37-AC83-EBC732231466}.Debug|ARM.ActiveCfg = Debug|Any CPU
		{E1653A9D-DCD7-4E37-AC83-EBC732231466}.Debug|ARM.Build.0 = Debug|Any CPU
		{E1653A9D-DCD7-4E37-AC83-EBC732231466}.Debug|ARM.Deploy.0 = Debug|Any CPU
		{E1653A9D-DCD7-4E37-AC83-EBC732231466}.Debug|iPhone.ActiveCfg = Debug|Any CPU
		{E1653A9D-DCD7-4E37-AC83-EBC732231466}.Debug|iPhone.Build.0 = Debug|Any CPU
		{E1653A9D-DCD7-4E37-AC83-EBC732231466}.Debug|iPhone.Deploy.0 = Debug|Any CPU
		{E1653A9D-DCD7-4E37-AC83-EBC732231466}.Debug|iPhoneSimulator.ActiveCfg = Debug|Any CPU
		{E1653A9D-DCD7-4E37-AC83-EBC732231466}.Debug|iPhoneSimulator.Build.0 = Debug|Any CPU
		{E1653A9D-DCD7-4E37-AC83-EBC732231466}.Debug|iPhoneSimulator.Deploy.0 = Debug|Any CPU
		{E1653A9D-DCD7-4E37-AC83-EBC732231466}.Debug|x64.ActiveCfg = Debug|Any CPU
		{E1653A9D-DCD7-4E37-AC83-EBC732231466}.Debug|x64.Build.0 = Debug|Any CPU
		{E1653A9D-DCD7-4E37-AC83-EBC732231466}.Debug|x64.Deploy.0 = Debug|Any CPU
		{E1653A9D-DCD7-4E37-AC83-EBC732231466}.Debug|x86.ActiveCfg = Debug|Any CPU
		{E1653A9D-DCD7-4E37-AC83-EBC732231466}.Debug|x86.Build.0 = Debug|Any CPU
		{E1653A9D-DCD7-4E37-AC83-EBC732231466}.Debug|x86.Deploy.0 = Debug|Any CPU
		{E1653A9D-DCD7-4E37-AC83-EBC732231466}.Release|Any CPU.ActiveCfg = Release|Any CPU
		{E1653A9D-DCD7-4E37-AC83-EBC732231466}.Release|Any CPU.Build.0 = Release|Any CPU
		{E1653A9D-DCD7-4E37-AC83-EBC732231466}.Release|Any CPU.Deploy.0 = Release|Any CPU
		{E1653A9D-DCD7-4E37-AC83-EBC732231466}.Release|ARM.ActiveCfg = Release|Any CPU
		{E1653A9D-DCD7-4E37-AC83-EBC732231466}.Release|ARM.Build.0 = Release|Any CPU
		{E1653A9D-DCD7-4E37-AC83-EBC732231466}.Release|ARM.Deploy.0 = Release|Any CPU
		{E1653A9D-DCD7-4E37-AC83-EBC732231466}.Release|iPhone.ActiveCfg = Release|Any CPU
		{E1653A9D-DCD7-4E37-AC83-EBC732231466}.Release|iPhone.Build.0 = Release|Any CPU
		{E1653A9D-DCD7-4E37-AC83-EBC732231466}.Release|iPhone.Deploy.0 = Release|Any CPU
		{E1653A9D-DCD7-4E37-AC83-EBC732231466}.Release|iPhoneSimulator.ActiveCfg = Release|Any CPU
		{E1653A9D-DCD7-4E37-AC83-EBC732231466}.Release|iPhoneSimulator.Build.0 = Release|Any CPU
		{E1653A9D-DCD7-4E37-AC83-EBC732231466}.Release|iPhoneSimulator.Deploy.0 = Release|Any CPU
		{E1653A9D-DCD7-4E37-AC83-EBC732231466}.Release|x64.ActiveCfg = Release|Any CPU
		{E1653A9D-DCD7-4E37-AC83-EBC732231466}.Release|x64.Build.0 = Release|Any CPU
		{E1653A9D-DCD7-4E37-AC83-EBC732231466}.Release|x64.Deploy.0 = Release|Any CPU
		{E1653A9D-DCD7-4E37-AC83-EBC732231466}.Release|x86.ActiveCfg = Release|Any CPU
		{E1653A9D-DCD7-4E37-AC83-EBC732231466}.Release|x86.Build.0 = Release|Any CPU
		{E1653A9D-DCD7-4E37-AC83-EBC732231466}.Release|x86.Deploy.0 = Release|Any CPU
		{5F389E35-8DCE-4291-8793-DB70E19524CC}.Debug|Any CPU.ActiveCfg = Debug|iPhone
		{5F389E35-8DCE-4291-8793-DB70E19524CC}.Debug|Any CPU.Build.0 = Debug|iPhone
		{5F389E35-8DCE-4291-8793-DB70E19524CC}.Debug|Any CPU.Deploy.0 = Debug|iPhone
		{5F389E35-8DCE-4291-8793-DB70E19524CC}.Debug|ARM.ActiveCfg = Debug|iPhoneSimulator
		{5F389E35-8DCE-4291-8793-DB70E19524CC}.Debug|ARM.Build.0 = Debug|iPhoneSimulator
		{5F389E35-8DCE-4291-8793-DB70E19524CC}.Debug|ARM.Deploy.0 = Debug|iPhoneSimulator
		{5F389E35-8DCE-4291-8793-DB70E19524CC}.Debug|iPhone.ActiveCfg = Debug|iPhone
		{5F389E35-8DCE-4291-8793-DB70E19524CC}.Debug|iPhone.Build.0 = Debug|iPhone
		{5F389E35-8DCE-4291-8793-DB70E19524CC}.Debug|iPhone.Deploy.0 = Debug|iPhone
		{5F389E35-8DCE-4291-8793-DB70E19524CC}.Debug|iPhoneSimulator.ActiveCfg = Debug|iPhoneSimulator
		{5F389E35-8DCE-4291-8793-DB70E19524CC}.Debug|iPhoneSimulator.Build.0 = Debug|iPhoneSimulator
		{5F389E35-8DCE-4291-8793-DB70E19524CC}.Debug|iPhoneSimulator.Deploy.0 = Debug|iPhoneSimulator
		{5F389E35-8DCE-4291-8793-DB70E19524CC}.Debug|x64.ActiveCfg = Debug|iPhone
		{5F389E35-8DCE-4291-8793-DB70E19524CC}.Debug|x64.Build.0 = Debug|iPhone
		{5F389E35-8DCE-4291-8793-DB70E19524CC}.Debug|x64.Deploy.0 = Debug|iPhone
		{5F389E35-8DCE-4291-8793-DB70E19524CC}.Debug|x86.ActiveCfg = Debug|iPhone
		{5F389E35-8DCE-4291-8793-DB70E19524CC}.Debug|x86.Build.0 = Debug|iPhone
		{5F389E35-8DCE-4291-8793-DB70E19524CC}.Debug|x86.Deploy.0 = Debug|iPhone
		{5F389E35-8DCE-4291-8793-DB70E19524CC}.Release|Any CPU.ActiveCfg = Release|iPhone
		{5F389E35-8DCE-4291-8793-DB70E19524CC}.Release|Any CPU.Build.0 = Release|iPhone
		{5F389E35-8DCE-4291-8793-DB70E19524CC}.Release|Any CPU.Deploy.0 = Release|iPhone
		{5F389E35-8DCE-4291-8793-DB70E19524CC}.Release|ARM.ActiveCfg = Release|iPhone
		{5F389E35-8DCE-4291-8793-DB70E19524CC}.Release|ARM.Build.0 = Release|iPhone
		{5F389E35-8DCE-4291-8793-DB70E19524CC}.Release|ARM.Deploy.0 = Release|iPhone
		{5F389E35-8DCE-4291-8793-DB70E19524CC}.Release|iPhone.ActiveCfg = Release|iPhone
		{5F389E35-8DCE-4291-8793-DB70E19524CC}.Release|iPhone.Build.0 = Release|iPhone
		{5F389E35-8DCE-4291-8793-DB70E19524CC}.Release|iPhone.Deploy.0 = Release|iPhone
		{5F389E35-8DCE-4291-8793-DB70E19524CC}.Release|iPhoneSimulator.ActiveCfg = Release|iPhoneSimulator
		{5F389E35-8DCE-4291-8793-DB70E19524CC}.Release|iPhoneSimulator.Build.0 = Release|iPhoneSimulator
		{5F389E35-8DCE-4291-8793-DB70E19524CC}.Release|iPhoneSimulator.Deploy.0 = Release|iPhoneSimulator
		{5F389E35-8DCE-4291-8793-DB70E19524CC}.Release|x64.ActiveCfg = Release|iPhone
		{5F389E35-8DCE-4291-8793-DB70E19524CC}.Release|x64.Build.0 = Release|iPhone
		{5F389E35-8DCE-4291-8793-DB70E19524CC}.Release|x64.Deploy.0 = Release|iPhone
		{5F389E35-8DCE-4291-8793-DB70E19524CC}.Release|x86.ActiveCfg = Release|iPhone
		{5F389E35-8DCE-4291-8793-DB70E19524CC}.Release|x86.Build.0 = Release|iPhone
		{5F389E35-8DCE-4291-8793-DB70E19524CC}.Release|x86.Deploy.0 = Release|iPhone
		{BF8E4ADC-0179-49DE-BB50-F71BF725D162}.Debug|Any CPU.ActiveCfg = Debug|Any CPU
		{BF8E4ADC-0179-49DE-BB50-F71BF725D162}.Debug|Any CPU.Build.0 = Debug|Any CPU
		{BF8E4ADC-0179-49DE-BB50-F71BF725D162}.Debug|Any CPU.Deploy.0 = Debug|Any CPU
		{BF8E4ADC-0179-49DE-BB50-F71BF725D162}.Debug|ARM.ActiveCfg = Debug|Any CPU
		{BF8E4ADC-0179-49DE-BB50-F71BF725D162}.Debug|ARM.Build.0 = Debug|Any CPU
		{BF8E4ADC-0179-49DE-BB50-F71BF725D162}.Debug|ARM.Deploy.0 = Debug|Any CPU
		{BF8E4ADC-0179-49DE-BB50-F71BF725D162}.Debug|iPhone.ActiveCfg = Debug|Any CPU
		{BF8E4ADC-0179-49DE-BB50-F71BF725D162}.Debug|iPhone.Build.0 = Debug|Any CPU
		{BF8E4ADC-0179-49DE-BB50-F71BF725D162}.Debug|iPhone.Deploy.0 = Debug|Any CPU
		{BF8E4ADC-0179-49DE-BB50-F71BF725D162}.Debug|iPhoneSimulator.ActiveCfg = Debug|Any CPU
		{BF8E4ADC-0179-49DE-BB50-F71BF725D162}.Debug|iPhoneSimulator.Build.0 = Debug|Any CPU
		{BF8E4ADC-0179-49DE-BB50-F71BF725D162}.Debug|iPhoneSimulator.Deploy.0 = Debug|Any CPU
		{BF8E4ADC-0179-49DE-BB50-F71BF725D162}.Debug|x64.ActiveCfg = Debug|Any CPU
		{BF8E4ADC-0179-49DE-BB50-F71BF725D162}.Debug|x64.Build.0 = Debug|Any CPU
		{BF8E4ADC-0179-49DE-BB50-F71BF725D162}.Debug|x64.Deploy.0 = Debug|Any CPU
		{BF8E4ADC-0179-49DE-BB50-F71BF725D162}.Debug|x86.ActiveCfg = Debug|Any CPU
		{BF8E4ADC-0179-49DE-BB50-F71BF725D162}.Debug|x86.Build.0 = Debug|Any CPU
		{BF8E4ADC-0179-49DE-BB50-F71BF725D162}.Debug|x86.Deploy.0 = Debug|Any CPU
		{BF8E4ADC-0179-49DE-BB50-F71BF725D162}.Release|Any CPU.ActiveCfg = Release|Any CPU
		{BF8E4ADC-0179-49DE-BB50-F71BF725D162}.Release|Any CPU.Build.0 = Release|Any CPU
		{BF8E4ADC-0179-49DE-BB50-F71BF725D162}.Release|Any CPU.Deploy.0 = Release|Any CPU
		{BF8E4ADC-0179-49DE-BB50-F71BF725D162}.Release|ARM.ActiveCfg = Release|Any CPU
		{BF8E4ADC-0179-49DE-BB50-F71BF725D162}.Release|ARM.Build.0 = Release|Any CPU
		{BF8E4ADC-0179-49DE-BB50-F71BF725D162}.Release|ARM.Deploy.0 = Release|Any CPU
		{BF8E4ADC-0179-49DE-BB50-F71BF725D162}.Release|iPhone.ActiveCfg = Release|Any CPU
		{BF8E4ADC-0179-49DE-BB50-F71BF725D162}.Release|iPhone.Build.0 = Release|Any CPU
		{BF8E4ADC-0179-49DE-BB50-F71BF725D162}.Release|iPhone.Deploy.0 = Release|Any CPU
		{BF8E4ADC-0179-49DE-BB50-F71BF725D162}.Release|iPhoneSimulator.ActiveCfg = Release|Any CPU
		{BF8E4ADC-0179-49DE-BB50-F71BF725D162}.Release|iPhoneSimulator.Build.0 = Release|Any CPU
		{BF8E4ADC-0179-49DE-BB50-F71BF725D162}.Release|iPhoneSimulator.Deploy.0 = Release|Any CPU
		{BF8E4ADC-0179-49DE-BB50-F71BF725D162}.Release|x64.ActiveCfg = Release|Any CPU
		{BF8E4ADC-0179-49DE-BB50-F71BF725D162}.Release|x64.Build.0 = Release|Any CPU
		{BF8E4ADC-0179-49DE-BB50-F71BF725D162}.Release|x64.Deploy.0 = Release|Any CPU
		{BF8E4ADC-0179-49DE-BB50-F71BF725D162}.Release|x86.ActiveCfg = Release|Any CPU
		{BF8E4ADC-0179-49DE-BB50-F71BF725D162}.Release|x86.Build.0 = Release|Any CPU
		{BF8E4ADC-0179-49DE-BB50-F71BF725D162}.Release|x86.Deploy.0 = Release|Any CPU
	EndGlobalSection
	GlobalSection(SolutionProperties) = preSolution
		HideSolutionNode = FALSE
	EndGlobalSection
	GlobalSection(ExtensibilityGlobals) = postSolution
		SolutionGuid = {CCB43D31-B374-45F0-AC55-39BEAE2B97F5}
	EndGlobalSection
EndGlobal
